<Solution>
  <Folder Name="/01-Common Types/">
    <Project Path="PostService.CommonTypes/PostService.CommonTypes.csproj" />
    <Project Path="PostService.Models/PostService.Models.csproj" />
    <Project Path="PostService.Dtos/PostService.Dtos.csproj" />
  </Folder>
  <Folder Name="/02-Data Access/">
    <Project Path="PostService.DataAccess/PostService.DataAccess.csproj" />
    <Project Path="PostService.BusinessLogic/PostService.BusinessLogic.csproj" />
  </Folder>
  <Folder Name="/03-Application Server/">
    <Project Path="PostService/PostService.csproj" />
  </Folder>
  <Folder Name="/04-Application Client/">
    <Project Path="PostService.App/PostService.App.csproj" DefaultStartup="true" />
  </Folder>
</Solution>
